{
    "_readme": [
        "This file locks the dependencies of your project to a known state",
        "Read more about it at https://getcomposer.org/doc/01-basic-usage.md#installing-dependencies",
        "This file is @generated automatically"
    ],
    "content-hash": "b30a0229681980f14717b81f22038f61",
    "packages": [
        {
            "name": "muqsit/arithmexp",
            "version": "1.0.1",
            "source": {
                "type": "git",
                "url": "https://github.com/Muqsit/arithmexp.git",
                "reference": "73fe866fa26cf8605073d56363e2ec0074d9769d"
            },
            "dist": {
                "type": "zip",
                "url": "https://api.github.com/repos/Muqsit/arithmexp/zipball/73fe866fa26cf8605073d56363e2ec0074d9769d",
                "reference": "73fe866fa26cf8605073d56363e2ec0074d9769d",
                "shasum": ""
            },
            "require": {
                "php": "^8.1"
            },
            "require-dev": {
                "phpunit/phpunit": "^9"
            },
            "type": "library",
            "extra": {
                "virion": {
                    "spec": "3.0",
                    "namespace-root": "muqsit\\arithmexp"
                }
            },
            "autoload": {
                "psr-4": {
                    "muqsit\\arithmexp\\": "src/muqsit/arithmexp"
                }
            },
            "notification-url": "https://packagist.org/downloads/",
            "license": [
                "GPL-3.0-only"
            ],
            "authors": [
                {
                    "name": "Muqsit",
                    "email": "notmuqsit@gmail.com"
                }
            ],
            "description": "Mathematical expression parser and evaluator for PHP",
            "support": {
                "issues": "https://github.com/Muqsit/arithmexp/issues",
                "source": "https://github.com/Muqsit/arithmexp/tree/1.0.1"
            },
            "time": "2024-07-12T18:15:18+00:00"
        }
    ],
    "packages-dev": [],
    "aliases": [],
    "minimum-stability": "stable",
    "stability-flags": {},
    "prefer-stable": false,
    "prefer-lowest": false,
    "platform": {
        "php": "^8.1"
    },
    "platform-dev": {},
    "plugin-api-version": "2.6.0"
}
